{
    "_readme": [
        "This file locks the dependencies of your project to a known state",
        "Read more about it at https://getcomposer.org/doc/01-basic-usage.md#installing-dependencies",
        "This file is @generated automatically"
    ],
    "content-hash": "e36168c4cbea2b4bc4d1a60f8d3ada1a",
    "packages": [
        {
            "name": "adyen/php-api-library",
            "version": "v28.3.0",
            "source": {
                "type": "git",
                "url": "https://github.com/Adyen/adyen-php-api-library.git",
                "reference": "852e733b11738809d2315ab459a9074eeea42e2a"
            },
            "dist": {
                "type": "zip",
                "url": "https://api.github.com/repos/Adyen/adyen-php-api-library/zipball/852e733b11738809d2315ab459a9074eeea42e2a",
                "reference": "852e733b11738809d2315ab459a9074eeea42e2a",
                "shasum": ""
            },
            "require": {
                "ext-ctype": "*",
                "ext-curl": "*",
                "ext-json": "*",
                "ext-mbstring": "*",
                "ext-openssl": "*",
                "php": ">=7.3"
            },
            "require-dev": {
                "dms/phpunit-arraysubset-asserts": "0.5.0",
                "friendsofphp/php-cs-fixer": "*",
                "php-coveralls/php-coveralls": "2.7.0",
                "phpunit/phpunit": "9.6.23",
                "squizlabs/php_codesniffer": "3.10.2"
            },
            "type": "library",
            "autoload": {
                "psr-4": {
                    "Adyen\\": "src/Adyen/"
                }
            },
            "notification-url": "https://packagist.org/downloads/",
            "license": [
                "MIT"
            ],
            "description": "A PHP client library for accessing Adyen APIs",
            "homepage": "https://github.com/Adyen/adyen-php-api-library",
            "keywords": [
                "adyen"
            ],
            "support": {
                "issues": "https://github.com/Adyen/adyen-php-api-library/issues",
                "source": "https://github.com/Adyen/adyen-php-api-library/tree/v28.3.0"
            },
            "time": "2025-10-22T16:17:09+00:00"
        }
    ],
    "packages-dev": [],
    "aliases": [],
    "minimum-stability": "stable",
    "stability-flags": {},
    "prefer-stable": false,
    "prefer-lowest": false,
    "platform": {},
    "platform-dev": {},
    "plugin-api-version": "2.6.0"
}
